
Microsoft Visual Studio Solution File, Format Version 12.00
# Visual Studio 15
Project("{FAE04EC0-301F-11D3-BF4B-00C04F79EFBC}") = "Assembly-CSharp", "Assembly-CSharp.csproj", "{BF30B4AD-3906-1C44-31E0-4CB9E27FB380}"
EndProject
Global
	GlobalSection(SolutionConfigurationPlatforms) = preSolution
		Debug|Any CPU = Debug|Any CPU
		Release|Any CPU = Release|Any CPU
	EndGlobalSection
	GlobalSection(ProjectConfigurationPlatforms) = postSolution
		{BF30B4AD-3906-1C44-31E0-4CB9E27FB380}.Debug|Any CPU.ActiveCfg = Debug|Any CPU
		{BF30B4AD-3906-1C44-31E0-4CB9E27FB380}.Debug|Any CPU.Build.0 = Debug|Any CPU
		{BF30B4AD-3906-1C44-31E0-4CB9E27FB380}.Release|Any CPU.ActiveCfg = Release|Any CPU
		{BF30B4AD-3906-1C44-31E0-4CB9E27FB380}.Release|Any CPU.Build.0 = Release|Any CPU
	EndGlobalSection
	GlobalSection(SolutionProperties) = preSolution
		HideSolutionNode = FALSE
	EndGlobalSection
EndGlobal
